
Microsoft Visual Studio Solution File, Format Version 12.00
# Visual Studio 15
VisualStudioVersion = 15.0.27004.2009
MinimumVisualStudioVersion = 10.0.40219.1
Project("{FAE04EC0-301F-11D3-BF4B-00C04F79EFBC}") = "Apka2", "Apka2\Apka2.csproj", "{120C1089-0B49-47D7-9DCD-34B5C74C3C43}"
EndProject
Global
	GlobalSection(SolutionConfigurationPlatforms) = preSolution
		Debug|Any CPU = Debug|Any CPU
		Release|Any CPU = Release|Any CPU
	EndGlobalSection
	GlobalSection(ProjectConfigurationPlatforms) = postSolution
		{120C1089-0B49-47D7-9DCD-34B5C74C3C43}.Debug|Any CPU.ActiveCfg = Debug|Any CPU
		{120C1089-0B49-47D7-9DCD-34B5C74C3C43}.Debug|Any CPU.Build.0 = Debug|Any CPU
		{120C1089-0B49-47D7-9DCD-34B5C74C3C43}.Release|Any CPU.ActiveCfg = Release|Any CPU
		{120C1089-0B49-47D7-9DCD-34B5C74C3C43}.Release|Any CPU.Build.0 = Release|Any CPU
	EndGlobalSection
	GlobalSection(SolutionProperties) = preSolution
		HideSolutionNode = FALSE
	EndGlobalSection
	GlobalSection(ExtensibilityGlobals) = postSolution
		SolutionGuid = {F515EDDF-644B-4833-8614-3156CD434E62}
	EndGlobalSection
EndGlobal
